
Microsoft Visual Studio Solution File, Format Version 12.00
# Visual Studio Version 16
VisualStudioVersion = 16.0.29424.173
MinimumVisualStudioVersion = 10.0.40219.1
Project("{FAE04EC0-301F-11D3-BF4B-00C04F79EFBC}") = "omokproto1", "omokproto1\omokproto1.csproj", "{F3235643-1A98-44C4-9ABF-FA585FFD319E}"
EndProject
Global
	GlobalSection(SolutionConfigurationPlatforms) = preSolution
		Debug|Any CPU = Debug|Any CPU
		Release|Any CPU = Release|Any CPU
	EndGlobalSection
	GlobalSection(ProjectConfigurationPlatforms) = postSolution
		{F3235643-1A98-44C4-9ABF-FA585FFD319E}.Debug|Any CPU.ActiveCfg = Debug|Any CPU
		{F3235643-1A98-44C4-9ABF-FA585FFD319E}.Debug|Any CPU.Build.0 = Debug|Any CPU
		{F3235643-1A98-44C4-9ABF-FA585FFD319E}.Release|Any CPU.ActiveCfg = Release|Any CPU
		{F3235643-1A98-44C4-9ABF-FA585FFD319E}.Release|Any CPU.Build.0 = Release|Any CPU
	EndGlobalSection
	GlobalSection(SolutionProperties) = preSolution
		HideSolutionNode = FALSE
	EndGlobalSection
	GlobalSection(ExtensibilityGlobals) = postSolution
		SolutionGuid = {A06F9C4B-4EC4-469C-9802-CC240479731A}
	EndGlobalSection
EndGlobal
